
Microsoft Visual Studio Solution File, Format Version 12.00
# Visual Studio Version 16
VisualStudioVersion = 16.0.29102.190
MinimumVisualStudioVersion = 10.0.40219.1
Project("{8BC9CEB8-8B4A-11D0-8D11-00A0C91BC942}") = "C++_HealthManager", "C++_HealthManager\C++_HealthManager.vcxproj", "{DE809768-7B0D-4C2F-83F5-09E1B2F54CFD}"
EndProject
Global
	GlobalSection(SolutionConfigurationPlatforms) = preSolution
		Debug|x64 = Debug|x64
		Debug|x86 = Debug|x86
		Release|x64 = Release|x64
		Release|x86 = Release|x86
	EndGlobalSection
	GlobalSection(ProjectConfigurationPlatforms) = postSolution
		{DE809768-7B0D-4C2F-83F5-09E1B2F54CFD}.Debug|x64.ActiveCfg = Debug|x64
		{DE809768-7B0D-4C2F-83F5-09E1B2F54CFD}.Debug|x64.Build.0 = Debug|x64
		{DE809768-7B0D-4C2F-83F5-09E1B2F54CFD}.Debug|x86.ActiveCfg = Debug|Win32
		{DE809768-7B0D-4C2F-83F5-09E1B2F54CFD}.Debug|x86.Build.0 = Debug|Win32
		{DE809768-7B0D-4C2F-83F5-09E1B2F54CFD}.Release|x64.ActiveCfg = Release|x64
		{DE809768-7B0D-4C2F-83F5-09E1B2F54CFD}.Release|x64.Build.0 = Release|x64
		{DE809768-7B0D-4C2F-83F5-09E1B2F54CFD}.Release|x86.ActiveCfg = Release|Win32
		{DE809768-7B0D-4C2F-83F5-09E1B2F54CFD}.Release|x86.Build.0 = Release|Win32
	EndGlobalSection
	GlobalSection(SolutionProperties) = preSolution
		HideSolutionNode = FALSE
	EndGlobalSection
	GlobalSection(ExtensibilityGlobals) = postSolution
		SolutionGuid = {2D44C6CE-5D56-4467-B8DA-4FA5ADE0F51E}
	EndGlobalSection
EndGlobal
